
Microsoft Visual Studio Solution File, Format Version 12.00
# Visual Studio Version 17
VisualStudioVersion = 17.7.34202.233
MinimumVisualStudioVersion = 10.0.40219.1
Project("{FAE04EC0-301F-11D3-BF4B-00C04F79EFBC}") = "tipos", "tipos.csproj", "{CD4E7E6F-9A0D-4417-8CCD-465C0E446876}"
EndProject
Global
	GlobalSection(SolutionConfigurationPlatforms) = preSolution
		Debug|Any CPU = Debug|Any CPU
		Release|Any CPU = Release|Any CPU
	EndGlobalSection
	GlobalSection(ProjectConfigurationPlatforms) = postSolution
		{CD4E7E6F-9A0D-4417-8CCD-465C0E446876}.Debug|Any CPU.ActiveCfg = Debug|Any CPU
		{CD4E7E6F-9A0D-4417-8CCD-465C0E446876}.Debug|Any CPU.Build.0 = Debug|Any CPU
		{CD4E7E6F-9A0D-4417-8CCD-465C0E446876}.Release|Any CPU.ActiveCfg = Release|Any CPU
		{CD4E7E6F-9A0D-4417-8CCD-465C0E446876}.Release|Any CPU.Build.0 = Release|Any CPU
	EndGlobalSection
	GlobalSection(SolutionProperties) = preSolution
		HideSolutionNode = FALSE
	EndGlobalSection
	GlobalSection(ExtensibilityGlobals) = postSolution
		SolutionGuid = {3CF6B44A-4E0A-4BFE-806A-6968E9EB7165}
	EndGlobalSection
EndGlobal
