
Microsoft Visual Studio Solution File, Format Version 12.00
# Visual Studio Version 17
VisualStudioVersion = 17.7.34202.233
MinimumVisualStudioVersion = 10.0.40219.1
Project("{FAE04EC0-301F-11D3-BF4B-00C04F79EFBC}") = "Atividade 1", "Atividade 1.csproj", "{28ED6DD0-003A-4D29-AA55-195532FA5899}"
EndProject
Global
	GlobalSection(SolutionConfigurationPlatforms) = preSolution
		Debug|Any CPU = Debug|Any CPU
		Release|Any CPU = Release|Any CPU
	EndGlobalSection
	GlobalSection(ProjectConfigurationPlatforms) = postSolution
		{28ED6DD0-003A-4D29-AA55-195532FA5899}.Debug|Any CPU.ActiveCfg = Debug|Any CPU
		{28ED6DD0-003A-4D29-AA55-195532FA5899}.Debug|Any CPU.Build.0 = Debug|Any CPU
		{28ED6DD0-003A-4D29-AA55-195532FA5899}.Release|Any CPU.ActiveCfg = Release|Any CPU
		{28ED6DD0-003A-4D29-AA55-195532FA5899}.Release|Any CPU.Build.0 = Release|Any CPU
	EndGlobalSection
	GlobalSection(SolutionProperties) = preSolution
		HideSolutionNode = FALSE
	EndGlobalSection
	GlobalSection(ExtensibilityGlobals) = postSolution
		SolutionGuid = {E237D372-EFE9-4830-94E8-8E48B9A1C275}
	EndGlobalSection
EndGlobal
